
Microsoft Visual Studio Solution File, Format Version 12.00
# Visual Studio Version 17
VisualStudioVersion = 17.5.2.0
MinimumVisualStudioVersion = 10.0.40219.1
Project("{2150E333-8FDC-42A3-9474-1A3956D46DE8}") = "src", "src", "{A1B2C3D4-0001-0001-0001-000000000001}"
EndProject
Project("{2150E333-8FDC-42A3-9474-1A3956D46DE8}") = "tests", "tests", "{0AB3BF05-4346-4AA6-1389-037BE0695223}"
EndProject
Project("{FAE04EC0-301F-11D3-BF4B-00C04F79EFBC}") = "Domain", "src\Domain\Domain.csproj", "{A1B2C3D4-0002-0002-0002-000000000002}"
EndProject
Project("{FAE04EC0-301F-11D3-BF4B-00C04F79EFBC}") = "EventStore", "src\EventStore\EventStore.csproj", "{A1B2C3D4-0003-0003-0003-000000000003}"
EndProject
Project("{FAE04EC0-301F-11D3-BF4B-00C04F79EFBC}") = "Api", "src\Api\Api.csproj", "{A1B2C3D4-0004-0004-0004-000000000004}"
EndProject
Project("{FAE04EC0-301F-11D3-BF4B-00C04F79EFBC}") = "Infrastructure", "src\Infrastructure\Infrastructure.csproj", "{A1B2C3D4-0005-0005-0005-000000000005}"
EndProject
Project("{FAE04EC0-301F-11D3-BF4B-00C04F79EFBC}") = "Domain.Specs", "tests\Domain.Specs\Domain.Specs.csproj", "{7C2F987E-15FD-4CA1-350A-A85A9FD15E74}"
EndProject
Project("{FAE04EC0-301F-11D3-BF4B-00C04F79EFBC}") = "EventStore.Integration", "tests\EventStore.Integration\EventStore.Integration.csproj", "{A1B2C3D4-0006-0006-0006-000000000006}"
EndProject
Project("{FAE04EC0-301F-11D3-BF4B-00C04F79EFBC}") = "Api.Integration", "tests\Api.Integration\Api.Integration.csproj", "{A1B2C3D4-0008-0008-0008-000000000008}"
EndProject
Project("{FAE04EC0-301F-11D3-BF4B-00C04F79EFBC}") = "Infrastructure.Assertions", "tests\Infrastructure.Assertions\Infrastructure.Assertions.csproj", "{A1B2C3D4-0007-0007-0007-000000000007}"
EndProject
Project("{FAE04EC0-301F-11D3-BF4B-00C04F79EFBC}") = "Api.Smoke", "tests\Api.Smoke\Api.Smoke.csproj", "{CD7B9506-ACFA-48E7-B3A4-0B40175C9060}"
EndProject
Project("{FAE04EC0-301F-11D3-BF4B-00C04F79EFBC}") = "Browser.E2E", "tests\Browser.E2E\Browser.E2E.csproj", "{614926D7-8643-4304-A462-9CD7329489C1}"
EndProject
Project("{FAE04EC0-301F-11D3-BF4B-00C04F79EFBC}") = "Analysis.Eval", "tests\Analysis.Eval\Analysis.Eval.csproj", "{DAF811C6-BCD9-4FD8-BF4B-C520067E89A3}"
EndProject
Global
	GlobalSection(SolutionConfigurationPlatforms) = preSolution
		Debug|Any CPU = Debug|Any CPU
		Debug|x64 = Debug|x64
		Debug|x86 = Debug|x86
		Release|Any CPU = Release|Any CPU
		Release|x64 = Release|x64
		Release|x86 = Release|x86
	EndGlobalSection
	GlobalSection(ProjectConfigurationPlatforms) = postSolution
		{A1B2C3D4-0002-0002-0002-000000000002}.Debug|Any CPU.ActiveCfg = Debug|Any CPU
		{A1B2C3D4-0002-0002-0002-000000000002}.Debug|Any CPU.Build.0 = Debug|Any CPU
		{A1B2C3D4-0002-0002-0002-000000000002}.Debug|x64.ActiveCfg = Debug|Any CPU
		{A1B2C3D4-0002-0002-0002-000000000002}.Debug|x64.Build.0 = Debug|Any CPU
		{A1B2C3D4-0002-0002-0002-000000000002}.Debug|x86.ActiveCfg = Debug|Any CPU
		{A1B2C3D4-0002-0002-0002-000000000002}.Debug|x86.Build.0 = Debug|Any CPU
		{A1B2C3D4-0002-0002-0002-000000000002}.Release|Any CPU.ActiveCfg = Release|Any CPU
		{A1B2C3D4-0002-0002-0002-000000000002}.Release|Any CPU.Build.0 = Release|Any CPU
		{A1B2C3D4-0002-0002-0002-000000000002}.Release|x64.ActiveCfg = Release|Any CPU
		{A1B2C3D4-0002-0002-0002-000000000002}.Release|x64.Build.0 = Release|Any CPU
		{A1B2C3D4-0002-0002-0002-000000000002}.Release|x86.ActiveCfg = Release|Any CPU
		{A1B2C3D4-0002-0002-0002-000000000002}.Release|x86.Build.0 = Release|Any CPU
		{A1B2C3D4-0003-0003-0003-000000000003}.Debug|Any CPU.ActiveCfg = Debug|Any CPU
		{A1B2C3D4-0003-0003-0003-000000000003}.Debug|Any CPU.Build.0 = Debug|Any CPU
		{A1B2C3D4-0003-0003-0003-000000000003}.Debug|x64.ActiveCfg = Debug|Any CPU
		{A1B2C3D4-0003-0003-0003-000000000003}.Debug|x64.Build.0 = Debug|Any CPU
		{A1B2C3D4-0003-0003-0003-000000000003}.Debug|x86.ActiveCfg = Debug|Any CPU
		{A1B2C3D4-0003-0003-0003-000000000003}.Debug|x86.Build.0 = Debug|Any CPU
		{A1B2C3D4-0003-0003-0003-000000000003}.Release|Any CPU.ActiveCfg = Release|Any CPU
		{A1B2C3D4-0003-0003-0003-000000000003}.Release|Any CPU.Build.0 = Release|Any CPU
		{A1B2C3D4-0003-0003-0003-000000000003}.Release|x64.ActiveCfg = Release|Any CPU
		{A1B2C3D4-0003-0003-0003-000000000003}.Release|x64.Build.0 = Release|Any CPU
		{A1B2C3D4-0003-0003-0003-000000000003}.Release|x86.ActiveCfg = Release|Any CPU
		{A1B2C3D4-0003-0003-0003-000000000003}.Release|x86.Build.0 = Release|Any CPU
		{A1B2C3D4-0004-0004-0004-000000000004}.Debug|Any CPU.ActiveCfg = Debug|Any CPU
		{A1B2C3D4-0004-0004-0004-000000000004}.Debug|Any CPU.Build.0 = Debug|Any CPU
		{A1B2C3D4-0004-0004-0004-000000000004}.Debug|x64.ActiveCfg = Debug|Any CPU
		{A1B2C3D4-0004-0004-0004-000000000004}.Debug|x64.Build.0 = Debug|Any CPU
		{A1B2C3D4-0004-0004-0004-000000000004}.Debug|x86.ActiveCfg = Debug|Any CPU
		{A1B2C3D4-0004-0004-0004-000000000004}.Debug|x86.Build.0 = Debug|Any CPU
		{A1B2C3D4-0004-0004-0004-000000000004}.Release|Any CPU.ActiveCfg = Release|Any CPU
		{A1B2C3D4-0004-0004-0004-000000000004}.Release|Any CPU.Build.0 = Release|Any CPU
		{A1B2C3D4-0004-0004-0004-000000000004}.Release|x64.ActiveCfg = Release|Any CPU
		{A1B2C3D4-0004-0004-0004-000000000004}.Release|x64.Build.0 = Release|Any CPU
		{A1B2C3D4-0004-0004-0004-000000000004}.Release|x86.ActiveCfg = Release|Any CPU
		{A1B2C3D4-0004-0004-0004-000000000004}.Release|x86.Build.0 = Release|Any CPU
		{A1B2C3D4-0005-0005-0005-000000000005}.Debug|Any CPU.ActiveCfg = Debug|Any CPU
		{A1B2C3D4-0005-0005-0005-000000000005}.Debug|Any CPU.Build.0 = Debug|Any CPU
		{A1B2C3D4-0005-0005-0005-000000000005}.Debug|x64.ActiveCfg = Debug|Any CPU
		{A1B2C3D4-0005-0005-0005-000000000005}.Debug|x64.Build.0 = Debug|Any CPU
		{A1B2C3D4-0005-0005-0005-000000000005}.Debug|x86.ActiveCfg = Debug|Any CPU
		{A1B2C3D4-0005-0005-0005-000000000005}.Debug|x86.Build.0 = Debug|Any CPU
		{A1B2C3D4-0005-0005-0005-000000000005}.Release|Any CPU.ActiveCfg = Release|Any CPU
		{A1B2C3D4-0005-0005-0005-000000000005}.Release|Any CPU.Build.0 = Release|Any CPU
		{A1B2C3D4-0005-0005-0005-000000000005}.Release|x64.ActiveCfg = Release|Any CPU
		{A1B2C3D4-0005-0005-0005-000000000005}.Release|x64.Build.0 = Release|Any CPU
		{A1B2C3D4-0005-0005-0005-000000000005}.Release|x86.ActiveCfg = Release|Any CPU
		{A1B2C3D4-0005-0005-0005-000000000005}.Release|x86.Build.0 = Release|Any CPU
		{7C2F987E-15FD-4CA1-350A-A85A9FD15E74}.Debug|Any CPU.ActiveCfg = Debug|Any CPU
		{7C2F987E-15FD-4CA1-350A-A85A9FD15E74}.Debug|Any CPU.Build.0 = Debug|Any CPU
		{7C2F987E-15FD-4CA1-350A-A85A9FD15E74}.Debug|x64.ActiveCfg = Debug|Any CPU
		{7C2F987E-15FD-4CA1-350A-A85A9FD15E74}.Debug|x64.Build.0 = Debug|Any CPU
		{7C2F987E-15FD-4CA1-350A-A85A9FD15E74}.Debug|x86.ActiveCfg = Debug|Any CPU
		{7C2F987E-15FD-4CA1-350A-A85A9FD15E74}.Debug|x86.Build.0 = Debug|Any CPU
		{7C2F987E-15FD-4CA1-350A-A85A9FD15E74}.Release|Any CPU.ActiveCfg = Release|Any CPU
		{7C2F987E-15FD-4CA1-350A-A85A9FD15E74}.Release|Any CPU.Build.0 = Release|Any CPU
		{7C2F987E-15FD-4CA1-350A-A85A9FD15E74}.Release|x64.ActiveCfg = Release|Any CPU
		{7C2F987E-15FD-4CA1-350A-A85A9FD15E74}.Release|x64.Build.0 = Release|Any CPU
		{7C2F987E-15FD-4CA1-350A-A85A9FD15E74}.Release|x86.ActiveCfg = Release|Any CPU
		{7C2F987E-15FD-4CA1-350A-A85A9FD15E74}.Release|x86.Build.0 = Release|Any CPU
		{A1B2C3D4-0006-0006-0006-000000000006}.Debug|Any CPU.ActiveCfg = Debug|Any CPU
		{A1B2C3D4-0006-0006-0006-000000000006}.Debug|Any CPU.Build.0 = Debug|Any CPU
		{A1B2C3D4-0006-0006-0006-000000000006}.Debug|x64.ActiveCfg = Debug|Any CPU
		{A1B2C3D4-0006-0006-0006-000000000006}.Debug|x64.Build.0 = Debug|Any CPU
		{A1B2C3D4-0006-0006-0006-000000000006}.Debug|x86.ActiveCfg = Debug|Any CPU
		{A1B2C3D4-0006-0006-0006-000000000006}.Debug|x86.Build.0 = Debug|Any CPU
		{A1B2C3D4-0006-0006-0006-000000000006}.Release|Any CPU.ActiveCfg = Release|Any CPU
		{A1B2C3D4-0006-0006-0006-000000000006}.Release|Any CPU.Build.0 = Release|Any CPU
		{A1B2C3D4-0006-0006-0006-000000000006}.Release|x64.ActiveCfg = Release|Any CPU
		{A1B2C3D4-0006-0006-0006-000000000006}.Release|x64.Build.0 = Release|Any CPU
		{A1B2C3D4-0006-0006-0006-000000000006}.Release|x86.ActiveCfg = Release|Any CPU
		{A1B2C3D4-0006-0006-0006-000000000006}.Release|x86.Build.0 = Release|Any CPU
		{A1B2C3D4-0008-0008-0008-000000000008}.Debug|Any CPU.ActiveCfg = Debug|Any CPU
		{A1B2C3D4-0008-0008-0008-000000000008}.Debug|Any CPU.Build.0 = Debug|Any CPU
		{A1B2C3D4-0008-0008-0008-000000000008}.Debug|x64.ActiveCfg = Debug|Any CPU
		{A1B2C3D4-0008-0008-0008-000000000008}.Debug|x64.Build.0 = Debug|Any CPU
		{A1B2C3D4-0008-0008-0008-000000000008}.Debug|x86.ActiveCfg = Debug|Any CPU
		{A1B2C3D4-0008-0008-0008-000000000008}.Debug|x86.Build.0 = Debug|Any CPU
		{A1B2C3D4-0008-0008-0008-000000000008}.Release|Any CPU.ActiveCfg = Release|Any CPU
		{A1B2C3D4-0008-0008-0008-000000000008}.Release|Any CPU.Build.0 = Release|Any CPU
		{A1B2C3D4-0008-0008-0008-000000000008}.Release|x64.ActiveCfg = Release|Any CPU
		{A1B2C3D4-0008-0008-0008-000000000008}.Release|x64.Build.0 = Release|Any CPU
		{A1B2C3D4-0008-0008-0008-000000000008}.Release|x86.ActiveCfg = Release|Any CPU
		{A1B2C3D4-0008-0008-0008-000000000008}.Release|x86.Build.0 = Release|Any CPU
		{A1B2C3D4-0007-0007-0007-000000000007}.Debug|Any CPU.ActiveCfg = Debug|Any CPU
		{A1B2C3D4-0007-0007-0007-000000000007}.Debug|Any CPU.Build.0 = Debug|Any CPU
		{A1B2C3D4-0007-0007-0007-000000000007}.Debug|x64.ActiveCfg = Debug|Any CPU
		{A1B2C3D4-0007-0007-0007-000000000007}.Debug|x64.Build.0 = Debug|Any CPU
		{A1B2C3D4-0007-0007-0007-000000000007}.Debug|x86.ActiveCfg = Debug|Any CPU
		{A1B2C3D4-0007-0007-0007-000000000007}.Debug|x86.Build.0 = Debug|Any CPU
		{A1B2C3D4-0007-0007-0007-000000000007}.Release|Any CPU.ActiveCfg = Release|Any CPU
		{A1B2C3D4-0007-0007-0007-000000000007}.Release|Any CPU.Build.0 = Release|Any CPU
		{A1B2C3D4-0007-0007-0007-000000000007}.Release|x64.ActiveCfg = Release|Any CPU
		{A1B2C3D4-0007-0007-0007-000000000007}.Release|x64.Build.0 = Release|Any CPU
		{A1B2C3D4-0007-0007-0007-000000000007}.Release|x86.ActiveCfg = Release|Any CPU
		{A1B2C3D4-0007-0007-0007-000000000007}.Release|x86.Build.0 = Release|Any CPU
		{CD7B9506-ACFA-48E7-B3A4-0B40175C9060}.Debug|Any CPU.ActiveCfg = Debug|Any CPU
		{CD7B9506-ACFA-48E7-B3A4-0B40175C9060}.Debug|Any CPU.Build.0 = Debug|Any CPU
		{CD7B9506-ACFA-48E7-B3A4-0B40175C9060}.Debug|x64.ActiveCfg = Debug|Any CPU
		{CD7B9506-ACFA-48E7-B3A4-0B40175C9060}.Debug|x64.Build.0 = Debug|Any CPU
		{CD7B9506-ACFA-48E7-B3A4-0B40175C9060}.Debug|x86.ActiveCfg = Debug|Any CPU
		{CD7B9506-ACFA-48E7-B3A4-0B40175C9060}.Debug|x86.Build.0 = Debug|Any CPU
		{CD7B9506-ACFA-48E7-B3A4-0B40175C9060}.Release|Any CPU.ActiveCfg = Release|Any CPU
		{CD7B9506-ACFA-48E7-B3A4-0B40175C9060}.Release|Any CPU.Build.0 = Release|Any CPU
		{CD7B9506-ACFA-48E7-B3A4-0B40175C9060}.Release|x64.ActiveCfg = Release|Any CPU
		{CD7B9506-ACFA-48E7-B3A4-0B40175C9060}.Release|x64.Build.0 = Release|Any CPU
		{CD7B9506-ACFA-48E7-B3A4-0B40175C9060}.Release|x86.ActiveCfg = Release|Any CPU
		{CD7B9506-ACFA-48E7-B3A4-0B40175C9060}.Release|x86.Build.0 = Release|Any CPU
		{614926D7-8643-4304-A462-9CD7329489C1}.Debug|Any CPU.ActiveCfg = Debug|Any CPU
		{614926D7-8643-4304-A462-9CD7329489C1}.Debug|Any CPU.Build.0 = Debug|Any CPU
		{614926D7-8643-4304-A462-9CD7329489C1}.Debug|x64.ActiveCfg = Debug|Any CPU
		{614926D7-8643-4304-A462-9CD7329489C1}.Debug|x64.Build.0 = Debug|Any CPU
		{614926D7-8643-4304-A462-9CD7329489C1}.Debug|x86.ActiveCfg = Debug|Any CPU
		{614926D7-8643-4304-A462-9CD7329489C1}.Debug|x86.Build.0 = Debug|Any CPU
		{614926D7-8643-4304-A462-9CD7329489C1}.Release|Any CPU.ActiveCfg = Release|Any CPU
		{614926D7-8643-4304-A462-9CD7329489C1}.Release|Any CPU.Build.0 = Release|Any CPU
		{614926D7-8643-4304-A462-9CD7329489C1}.Release|x64.ActiveCfg = Release|Any CPU
		{614926D7-8643-4304-A462-9CD7329489C1}.Release|x64.Build.0 = Release|Any CPU
		{614926D7-8643-4304-A462-9CD7329489C1}.Release|x86.ActiveCfg = Release|Any CPU
		{614926D7-8643-4304-A462-9CD7329489C1}.Release|x86.Build.0 = Release|Any CPU
		{DAF811C6-BCD9-4FD8-BF4B-C520067E89A3}.Debug|Any CPU.ActiveCfg = Debug|Any CPU
		{DAF811C6-BCD9-4FD8-BF4B-C520067E89A3}.Debug|Any CPU.Build.0 = Debug|Any CPU
		{DAF811C6-BCD9-4FD8-BF4B-C520067E89A3}.Debug|x64.ActiveCfg = Debug|Any CPU
		{DAF811C6-BCD9-4FD8-BF4B-C520067E89A3}.Debug|x64.Build.0 = Debug|Any CPU
		{DAF811C6-BCD9-4FD8-BF4B-C520067E89A3}.Debug|x86.ActiveCfg = Debug|Any CPU
		{DAF811C6-BCD9-4FD8-BF4B-C520067E89A3}.Debug|x86.Build.0 = Debug|Any CPU
		{DAF811C6-BCD9-4FD8-BF4B-C520067E89A3}.Release|Any CPU.ActiveCfg = Release|Any CPU
		{DAF811C6-BCD9-4FD8-BF4B-C520067E89A3}.Release|Any CPU.Build.0 = Release|Any CPU
		{DAF811C6-BCD9-4FD8-BF4B-C520067E89A3}.Release|x64.ActiveCfg = Release|Any CPU
		{DAF811C6-BCD9-4FD8-BF4B-C520067E89A3}.Release|x64.Build.0 = Release|Any CPU
		{DAF811C6-BCD9-4FD8-BF4B-C520067E89A3}.Release|x86.ActiveCfg = Release|Any CPU
		{DAF811C6-BCD9-4FD8-BF4B-C520067E89A3}.Release|x86.Build.0 = Release|Any CPU
	EndGlobalSection
	GlobalSection(SolutionProperties) = preSolution
		HideSolutionNode = FALSE
	EndGlobalSection
	GlobalSection(NestedProjects) = preSolution
		{A1B2C3D4-0002-0002-0002-000000000002} = {A1B2C3D4-0001-0001-0001-000000000001}
		{A1B2C3D4-0003-0003-0003-000000000003} = {A1B2C3D4-0001-0001-0001-000000000001}
		{A1B2C3D4-0004-0004-0004-000000000004} = {A1B2C3D4-0001-0001-0001-000000000001}
		{A1B2C3D4-0005-0005-0005-000000000005} = {A1B2C3D4-0001-0001-0001-000000000001}
		{7C2F987E-15FD-4CA1-350A-A85A9FD15E74} = {0AB3BF05-4346-4AA6-1389-037BE0695223}
		{A1B2C3D4-0006-0006-0006-000000000006} = {0AB3BF05-4346-4AA6-1389-037BE0695223}
		{A1B2C3D4-0008-0008-0008-000000000008} = {0AB3BF05-4346-4AA6-1389-037BE0695223}
		{A1B2C3D4-0007-0007-0007-000000000007} = {0AB3BF05-4346-4AA6-1389-037BE0695223}
		{CD7B9506-ACFA-48E7-B3A4-0B40175C9060} = {0AB3BF05-4346-4AA6-1389-037BE0695223}
		{614926D7-8643-4304-A462-9CD7329489C1} = {0AB3BF05-4346-4AA6-1389-037BE0695223}
		{DAF811C6-BCD9-4FD8-BF4B-C520067E89A3} = {0AB3BF05-4346-4AA6-1389-037BE0695223}
	EndGlobalSection
	GlobalSection(ExtensibilityGlobals) = postSolution
		SolutionGuid = {EA974D16-6408-40B6-A4DA-4F57BE396E10}
	EndGlobalSection
EndGlobal
